
Microsoft Visual Studio Solution File, Format Version 12.00
# Visual Studio Version 17
VisualStudioVersion = 17.9.34714.143
MinimumVisualStudioVersion = 10.0.40219.1
Project("{FAE04EC0-301F-11D3-BF4B-00C04F79EFBC}") = "YesOrNoApp [8.1]", "YesOrNoApp [8.1]\YesOrNoApp [8.1].csproj", "{EF705FB8-FC63-494A-85A8-8AF6AB1CFE04}"
EndProject
Global
	GlobalSection(SolutionConfigurationPlatforms) = preSolution
		Debug|Any CPU = Debug|Any CPU
		Release|Any CPU = Release|Any CPU
	EndGlobalSection
	GlobalSection(ProjectConfigurationPlatforms) = postSolution
		{EF705FB8-FC63-494A-85A8-8AF6AB1CFE04}.Debug|Any CPU.ActiveCfg = Debug|Any CPU
		{EF705FB8-FC63-494A-85A8-8AF6AB1CFE04}.Debug|Any CPU.Build.0 = Debug|Any CPU
		{EF705FB8-FC63-494A-85A8-8AF6AB1CFE04}.Release|Any CPU.ActiveCfg = Release|Any CPU
		{EF705FB8-FC63-494A-85A8-8AF6AB1CFE04}.Release|Any CPU.Build.0 = Release|Any CPU
	EndGlobalSection
	GlobalSection(SolutionProperties) = preSolution
		HideSolutionNode = FALSE
	EndGlobalSection
	GlobalSection(ExtensibilityGlobals) = postSolution
		SolutionGuid = {697A742C-8F05-4F2F-B41E-833482E81A30}
	EndGlobalSection
EndGlobal
